
Microsoft Visual Studio Solution File, Format Version 12.00
# Visual Studio Version 17
VisualStudioVersion = 17.6.33712.159
MinimumVisualStudioVersion = 10.0.40219.1
Project("{FAE04EC0-301F-11D3-BF4B-00C04F79EFBC}") = "ConsoleApp1", "ConsoleApp1\ConsoleApp1.csproj", "{F17284CA-637D-4F12-A6A9-599F048FD8A3}"
EndProject
Project("{FAE04EC0-301F-11D3-BF4B-00C04F79EFBC}") = "ConsoleApp2", "ConsoleApp2\ConsoleApp2.csproj", "{8A4FED88-F142-48C4-BACD-6723BD67D6BB}"
EndProject
Global
	GlobalSection(SolutionConfigurationPlatforms) = preSolution
		Debug|Any CPU = Debug|Any CPU
		Release|Any CPU = Release|Any CPU
	EndGlobalSection
	GlobalSection(ProjectConfigurationPlatforms) = postSolution
		{F17284CA-637D-4F12-A6A9-599F048FD8A3}.Debug|Any CPU.ActiveCfg = Debug|Any CPU
		{F17284CA-637D-4F12-A6A9-599F048FD8A3}.Debug|Any CPU.Build.0 = Debug|Any CPU
		{F17284CA-637D-4F12-A6A9-599F048FD8A3}.Release|Any CPU.ActiveCfg = Release|Any CPU
		{F17284CA-637D-4F12-A6A9-599F048FD8A3}.Release|Any CPU.Build.0 = Release|Any CPU
		{8A4FED88-F142-48C4-BACD-6723BD67D6BB}.Debug|Any CPU.ActiveCfg = Debug|Any CPU
		{8A4FED88-F142-48C4-BACD-6723BD67D6BB}.Debug|Any CPU.Build.0 = Debug|Any CPU
		{8A4FED88-F142-48C4-BACD-6723BD67D6BB}.Release|Any CPU.ActiveCfg = Release|Any CPU
		{8A4FED88-F142-48C4-BACD-6723BD67D6BB}.Release|Any CPU.Build.0 = Release|Any CPU
	EndGlobalSection
	GlobalSection(SolutionProperties) = preSolution
		HideSolutionNode = FALSE
	EndGlobalSection
	GlobalSection(ExtensibilityGlobals) = postSolution
		SolutionGuid = {24A121F6-7139-417B-8516-5ADB98EE5D2C}
	EndGlobalSection
EndGlobal
